# This file is automatically @generated by Poetry 1.8.3 and should not be changed by hand.

[[package]]
name = "astropy"
version = "7.0.0"
description = "Astronomy and astrophysics core library"
optional = false
python-versions = ">=3.11"
files = [
    {file = "astropy-7.0.0-cp311-cp311-macosx_10_9_x86_64.whl", hash = "sha256:0ada206f13b1e9c9c07ae0fce55e3090d694c555107c23c30b271a58fea1732b"},
    {file = "astropy-7.0.0-cp311-cp311-macosx_11_0_arm64.whl", hash = "sha256:d5f5657a1443421b0ab8ae6afa85fc7934f5e384648b7acef21aca5918acfca8"},
    {file = "astropy-7.0.0-cp311-cp311-manylinux_2_17_aarch64.manylinux2014_aarch64.whl", hash = "sha256:b47d7af967e51dc612fd8440ed65ad371c0c2bbf5d739ef4aa147bcd2fbe6b13"},
    {file = "astropy-7.0.0-cp311-cp311-manylinux_2_17_x86_64.manylinux2014_x86_64.whl", hash = "sha256:74c6df5c68cc4acb86e343db6d4b96419d585c7ba5fd41fe3023f47ee9f5dbc9"},
    {file = "astropy-7.0.0-cp311-cp311-musllinux_1_2_x86_64.whl", hash = "sha256:9fcfb92043994dfbd1a267b893398aab8f680b0587b4333dacbfa034a3159aa0"},
    {file = "astropy-7.0.0-cp311-cp311-win32.whl", hash = "sha256:1ad4483712effdd691c085e7b58805c01a54cebf8f4c6955973ceccd60bd36ed"},
    {file = "astropy-7.0.0-cp311-cp311-win_amd64.whl", hash = "sha256:f8a00fcb30c2317b111d8b6a99eb60a81e8292c24dce65e986ee4610ea16b8d2"},
    {file = "astropy-7.0.0-cp312-cp312-macosx_10_9_x86_64.whl", hash = "sha256:b103516dd54a90f9b9652dff3dd47ad6d43436c61ed800023943a562b7ea9712"},
    {file = "astropy-7.0.0-cp312-cp312-macosx_11_0_arm64.whl", hash = "sha256:3ced126597ea2d2876a341821d76ba20fb895c2eef117b447b6b3182993794df"},
    {file = "astropy-7.0.0-cp312-cp312-manylinux_2_17_aarch64.manylinux2014_aarch64.whl", hash = "sha256:733be30f52e7ed5ace7fc5ab9bbfbf1f2f604661682141f177ea356893b58cc4"},
    {file = "astropy-7.0.0-cp312-cp312-manylinux_2_17_x86_64.manylinux2014_x86_64.whl", hash = "sha256:14bb14bce6e7cc41066037d8a168b26a5fe6722a9201e9fae8da22a4c34c8780"},
    {file = "astropy-7.0.0-cp312-cp312-musllinux_1_2_x86_64.whl", hash = "sha256:5c14ca39b607af23273ee2b86cecee782a4feb4220b8f7a93b1dc3fe07582779"},
    {file = "astropy-7.0.0-cp312-cp312-win32.whl", hash = "sha256:6f2ee5872b0fffd8b9c4d9ce9af51c69f24cdad0d2f4fffbabfcfd4debd303f8"},
    {file = "astropy-7.0.0-cp312-cp312-win_amd64.whl", hash = "sha256:62d62d3603bb8b243f6bac21f02341f963418ccf6f299be1d45d8c3918e64c91"},
    {file = "astropy-7.0.0-cp313-cp313-macosx_10_13_x86_64.whl", hash = "sha256:0e5adeb8f955242da5cb4fe58df2f1483d81c10b2b73f089c91fc87dd3b63e1e"},
    {file = "astropy-7.0.0-cp313-cp313-macosx_11_0_arm64.whl", hash = "sha256:31614b6451436163eed3744b90edd89dd357bf223c482fa944e627be86a47349"},
    {file = "astropy-7.0.0-cp313-cp313-manylinux_2_17_aarch64.manylinux2014_aarch64.whl", hash = "sha256:b7b28a144165e4e7f4f0467fb6d8ed079f320fc99969a907614d98b18c7cea99"},
    {file = "astropy-7.0.0-cp313-cp313-manylinux_2_17_x86_64.manylinux2014_x86_64.whl", hash = "sha256:db36b632989060ce4f7c3058ffc860af38df5c8ee7ee7ef2daad1f441c416c12"},
    {file = "astropy-7.0.0-cp313-cp313-musllinux_1_2_x86_64.whl", hash = "sha256:c6a14810e596b9d437fbfe40733d61afccc9d4b7b9f7504228ba492f545d197f"},
    {file = "astropy-7.0.0-cp313-cp313-win32.whl", hash = "sha256:446931f9c260294ddc8646684ab2413e1a5eb14dcd4ff1e8a0532fa143b0844e"},
    {file = "astropy-7.0.0-cp313-cp313-win_amd64.whl", hash = "sha256:7ecaaeeb017cceb02512d5505c43e162b3e26d951cece2b021e786f4c0af17a7"},
    {file = "astropy-7.0.0.tar.gz", hash = "sha256:e92d7c9fee86eb3df8714e5dd41bbf9f163d343e1a183d95bf6bd09e4313c940"},
]

[package.dependencies]
astropy-iers-data = ">=0.2024.10.28.0.34.7"
numpy = ">=1.23.2"
packaging = ">=22.0.0"
pyerfa = ">=2.0.1.1"
PyYAML = ">=6.0.0"

[package.extras]
all = ["asdf (>=2.8.3)", "asdf-astropy (>=0.3)", "astropy[ipython]", "astropy[jupyter]", "astropy[recommended]", "beautifulsoup4 (>=4.9.3)", "bleach (>=3.2.1)", "bottleneck (>=1.3.3)", "certifi (>=2022.6.15.1)", "dask[array] (>=2022.5.1)", "fsspec[http] (>=2023.4.0)", "h5py (>=3.8.0)", "html5lib (>=1.1)", "jplephem (>=2.6)", "mpmath (>=1.2.1)", "pandas (>=2.0)", "pyarrow (>=10.0.1)", "pytz (>=2016.10)", "s3fs (>=2023.4.0)", "sortedcontainers (>=1.5.7)"]
dev = ["astropy[docs]", "astropy[recommended]", "astropy[test]", "astropy[typing]"]
dev-all = ["astropy[dev]", "astropy[test-all]", "tox"]
docs = ["Jinja2 (>=3.1.3)", "astropy[recommended]", "matplotlib (>=3.9.1)", "pytest (>=7.0)", "sphinx", "sphinx-astropy[confv2] (>=1.9.1)", "sphinx-changelog (>=1.2.0)", "sphinx_design", "sphinxcontrib-globalsubs (>=0.1.1)"]
ipython = ["ipython (>=8.0.0)"]
jupyter = ["astropy[ipython]", "ipydatagrid", "ipykernel", "ipywidgets", "pandas"]
recommended = ["matplotlib (>=3.6.0)", "scipy (>=1.9.2)"]
test = ["coverage (>=6.4.4)", "pre-commit (>=2.9.3)", "pytest (>=7.3.0)", "pytest-astropy (>=0.10.0)", "pytest-astropy-header (>=0.2.1)", "pytest-doctestplus (>=0.12)", "pytest-xdist (>=2.5.0)", "threadpoolctl (>=3.0.0)"]
test-all = ["array-api-strict", "astropy[all]", "astropy[test]", "objgraph", "sgp4 (>=2.3)", "skyfield (>=1.20)"]
typing = ["pandas-stubs (>=2.0)"]

[[package]]
name = "astropy-iers-data"
version = "0.2024.12.9.0.36.21"
description = "IERS Earth Rotation and Leap Second tables for the astropy core package"
optional = false
python-versions = ">=3.8"
files = [
    {file = "astropy_iers_data-0.2024.12.9.0.36.21-py3-none-any.whl", hash = "sha256:f22cc517b5bc164e4d105c14677d918ab732ef10342fe76fc9068fa46755c91f"},
    {file = "astropy_iers_data-0.2024.12.9.0.36.21.tar.gz", hash = "sha256:b8c235b5420702a8e28bb43d94e634aa4bead38d9e72dea03fd0a22b1057817d"},
]

[package.extras]
docs = ["pytest"]
test = ["hypothesis", "pytest", "pytest-remotedata"]

[[package]]
name = "colorama"
version = "0.4.6"
description = "Cross-platform colored terminal text."
optional = false
python-versions = "!=3.0.*,!=3.1.*,!=3.2.*,!=3.3.*,!=3.4.*,!=3.5.*,!=3.6.*,>=2.7"
files = [
    {file = "colorama-0.4.6-py2.py3-none-any.whl", hash = "sha256:4f1d9991f5acc0ca119f9d443620b77f9d6b33703e51011c16baf57afb285fc6"},
    {file = "colorama-0.4.6.tar.gz", hash = "sha256:08695f5cb7ed6e0531a20572697297273c47b8cae5a63ffc6d6ed5c201be6e44"},
]

[[package]]
name = "iniconfig"
version = "2.0.0"
description = "brain-dead simple config-ini parsing"
optional = false
python-versions = ">=3.7"
files = [
    {file = "iniconfig-2.0.0-py3-none-any.whl", hash = "sha256:b6a85871a79d2e3b22d2d1b94ac2824226a63c6b741c88f7ae975f18b6778374"},
    {file = "iniconfig-2.0.0.tar.gz", hash = "sha256:2d91e135bf72d31a410b17c16da610a82cb55f6b0477d1a902134b24a455b8b3"},
]

[[package]]
name = "numpy"
version = "2.2.0"
description = "Fundamental package for array computing in Python"
optional = false
python-versions = ">=3.10"
files = [
    {file = "numpy-2.2.0-cp310-cp310-macosx_10_9_x86_64.whl", hash = "sha256:1e25507d85da11ff5066269d0bd25d06e0a0f2e908415534f3e603d2a78e4ffa"},
    {file = "numpy-2.2.0-cp310-cp310-macosx_11_0_arm64.whl", hash = "sha256:a62eb442011776e4036af5c8b1a00b706c5bc02dc15eb5344b0c750428c94219"},
    {file = "numpy-2.2.0-cp310-cp310-macosx_14_0_arm64.whl", hash = "sha256:b606b1aaf802e6468c2608c65ff7ece53eae1a6874b3765f69b8ceb20c5fa78e"},
    {file = "numpy-2.2.0-cp310-cp310-macosx_14_0_x86_64.whl", hash = "sha256:36b2b43146f646642b425dd2027730f99bac962618ec2052932157e213a040e9"},
    {file = "numpy-2.2.0-cp310-cp310-manylinux_2_17_aarch64.manylinux2014_aarch64.whl", hash = "sha256:7fe8f3583e0607ad4e43a954e35c1748b553bfe9fdac8635c02058023277d1b3"},
    {file = "numpy-2.2.0-cp310-cp310-manylinux_2_17_x86_64.manylinux2014_x86_64.whl", hash = "sha256:122fd2fcfafdefc889c64ad99c228d5a1f9692c3a83f56c292618a59aa60ae83"},
    {file = "numpy-2.2.0-cp310-cp310-musllinux_1_2_aarch64.whl", hash = "sha256:3f2f5cddeaa4424a0a118924b988746db6ffa8565e5829b1841a8a3bd73eb59a"},
    {file = "numpy-2.2.0-cp310-cp310-musllinux_1_2_x86_64.whl", hash = "sha256:7fe4bb0695fe986a9e4deec3b6857003b4cfe5c5e4aac0b95f6a658c14635e31"},
    {file = "numpy-2.2.0-cp310-cp310-win32.whl", hash = "sha256:b30042fe92dbd79f1ba7f6898fada10bdaad1847c44f2dff9a16147e00a93661"},
    {file = "numpy-2.2.0-cp310-cp310-win_amd64.whl", hash = "sha256:54dc1d6d66f8d37843ed281773c7174f03bf7ad826523f73435deb88ba60d2d4"},
    {file = "numpy-2.2.0-cp311-cp311-macosx_10_9_x86_64.whl", hash = "sha256:9874bc2ff574c40ab7a5cbb7464bf9b045d617e36754a7bc93f933d52bd9ffc6"},
    {file = "numpy-2.2.0-cp311-cp311-macosx_11_0_arm64.whl", hash = "sha256:0da8495970f6b101ddd0c38ace92edea30e7e12b9a926b57f5fabb1ecc25bb90"},
    {file = "numpy-2.2.0-cp311-cp311-macosx_14_0_arm64.whl", hash = "sha256:0557eebc699c1c34cccdd8c3778c9294e8196df27d713706895edc6f57d29608"},
    {file = "numpy-2.2.0-cp311-cp311-macosx_14_0_x86_64.whl", hash = "sha256:3579eaeb5e07f3ded59298ce22b65f877a86ba8e9fe701f5576c99bb17c283da"},
    {file = "numpy-2.2.0-cp311-cp311-manylinux_2_17_aarch64.manylinux2014_aarch64.whl", hash = "sha256:40deb10198bbaa531509aad0cd2f9fadb26c8b94070831e2208e7df543562b74"},
    {file = "numpy-2.2.0-cp311-cp311-manylinux_2_17_x86_64.manylinux2014_x86_64.whl", hash = "sha256:c2aed8fcf8abc3020d6a9ccb31dbc9e7d7819c56a348cc88fd44be269b37427e"},
    {file = "numpy-2.2.0-cp311-cp311-musllinux_1_2_aarch64.whl", hash = "sha256:a222d764352c773aa5ebde02dd84dba3279c81c6db2e482d62a3fa54e5ece69b"},
    {file = "numpy-2.2.0-cp311-cp311-musllinux_1_2_x86_64.whl", hash = "sha256:4e58666988605e251d42c2818c7d3d8991555381be26399303053b58a5bbf30d"},
    {file = "numpy-2.2.0-cp311-cp311-win32.whl", hash = "sha256:4723a50e1523e1de4fccd1b9a6dcea750c2102461e9a02b2ac55ffeae09a4410"},
    {file = "numpy-2.2.0-cp311-cp311-win_amd64.whl", hash = "sha256:16757cf28621e43e252c560d25b15f18a2f11da94fea344bf26c599b9cf54b73"},
    {file = "numpy-2.2.0-cp312-cp312-macosx_10_13_x86_64.whl", hash = "sha256:cff210198bb4cae3f3c100444c5eaa573a823f05c253e7188e1362a5555235b3"},
    {file = "numpy-2.2.0-cp312-cp312-macosx_11_0_arm64.whl", hash = "sha256:58b92a5828bd4d9aa0952492b7de803135038de47343b2aa3cc23f3b71a3dc4e"},
    {file = "numpy-2.2.0-cp312-cp312-macosx_14_0_arm64.whl", hash = "sha256:ebe5e59545401fbb1b24da76f006ab19734ae71e703cdb4a8b347e84a0cece67"},
    {file = "numpy-2.2.0-cp312-cp312-macosx_14_0_x86_64.whl", hash = "sha256:e2b8cd48a9942ed3f85b95ca4105c45758438c7ed28fff1e4ce3e57c3b589d8e"},
    {file = "numpy-2.2.0-cp312-cp312-manylinux_2_17_aarch64.manylinux2014_aarch64.whl", hash = "sha256:57fcc997ffc0bef234b8875a54d4058afa92b0b0c4223fc1f62f24b3b5e86038"},
    {file = "numpy-2.2.0-cp312-cp312-manylinux_2_17_x86_64.manylinux2014_x86_64.whl", hash = "sha256:85ad7d11b309bd132d74397fcf2920933c9d1dc865487128f5c03d580f2c3d03"},
    {file = "numpy-2.2.0-cp312-cp312-musllinux_1_2_aarch64.whl", hash = "sha256:cb24cca1968b21355cc6f3da1a20cd1cebd8a023e3c5b09b432444617949085a"},
    {file = "numpy-2.2.0-cp312-cp312-musllinux_1_2_x86_64.whl", hash = "sha256:0798b138c291d792f8ea40fe3768610f3c7dd2574389e37c3f26573757c8f7ef"},
    {file = "numpy-2.2.0-cp312-cp312-win32.whl", hash = "sha256:afe8fb968743d40435c3827632fd36c5fbde633b0423da7692e426529b1759b1"},
    {file = "numpy-2.2.0-cp312-cp312-win_amd64.whl", hash = "sha256:3a4199f519e57d517ebd48cb76b36c82da0360781c6a0353e64c0cac30ecaad3"},
    {file = "numpy-2.2.0-cp313-cp313-macosx_10_13_x86_64.whl", hash = "sha256:f8c8b141ef9699ae777c6278b52c706b653bf15d135d302754f6b2e90eb30367"},
    {file = "numpy-2.2.0-cp313-cp313-macosx_11_0_arm64.whl", hash = "sha256:0f0986e917aca18f7a567b812ef7ca9391288e2acb7a4308aa9d265bd724bdae"},
    {file = "numpy-2.2.0-cp313-cp313-macosx_14_0_arm64.whl", hash = "sha256:1c92113619f7b272838b8d6702a7f8ebe5edea0df48166c47929611d0b4dea69"},
    {file = "numpy-2.2.0-cp313-cp313-macosx_14_0_x86_64.whl", hash = "sha256:5a145e956b374e72ad1dff82779177d4a3c62bc8248f41b80cb5122e68f22d13"},
    {file = "numpy-2.2.0-cp313-cp313-manylinux_2_17_aarch64.manylinux2014_aarch64.whl", hash = "sha256:18142b497d70a34b01642b9feabb70156311b326fdddd875a9981f34a369b671"},
    {file = "numpy-2.2.0-cp313-cp313-manylinux_2_17_x86_64.manylinux2014_x86_64.whl", hash = "sha256:a7d41d1612c1a82b64697e894b75db6758d4f21c3ec069d841e60ebe54b5b571"},
    {file = "numpy-2.2.0-cp313-cp313-musllinux_1_2_aarch64.whl", hash = "sha256:a98f6f20465e7618c83252c02041517bd2f7ea29be5378f09667a8f654a5918d"},
    {file = "numpy-2.2.0-cp313-cp313-musllinux_1_2_x86_64.whl", hash = "sha256:e09d40edfdb4e260cb1567d8ae770ccf3b8b7e9f0d9b5c2a9992696b30ce2742"},
    {file = "numpy-2.2.0-cp313-cp313-win32.whl", hash = "sha256:3905a5fffcc23e597ee4d9fb3fcd209bd658c352657548db7316e810ca80458e"},
    {file = "numpy-2.2.0-cp313-cp313-win_amd64.whl", hash = "sha256:a184288538e6ad699cbe6b24859206e38ce5fba28f3bcfa51c90d0502c1582b2"},
    {file = "numpy-2.2.0-cp313-cp313t-macosx_10_13_x86_64.whl", hash = "sha256:7832f9e8eb00be32f15fdfb9a981d6955ea9adc8574c521d48710171b6c55e95"},
    {file = "numpy-2.2.0-cp313-cp313t-macosx_11_0_arm64.whl", hash = "sha256:f0dd071b95bbca244f4cb7f70b77d2ff3aaaba7fa16dc41f58d14854a6204e6c"},
    {file = "numpy-2.2.0-cp313-cp313t-macosx_14_0_arm64.whl", hash = "sha256:b0b227dcff8cdc3efbce66d4e50891f04d0a387cce282fe1e66199146a6a8fca"},
    {file = "numpy-2.2.0-cp313-cp313t-macosx_14_0_x86_64.whl", hash = "sha256:6ab153263a7c5ccaf6dfe7e53447b74f77789f28ecb278c3b5d49db7ece10d6d"},
    {file = "numpy-2.2.0-cp313-cp313t-manylinux_2_17_aarch64.manylinux2014_aarch64.whl", hash = "sha256:e500aba968a48e9019e42c0c199b7ec0696a97fa69037bea163b55398e390529"},
    {file = "numpy-2.2.0-cp313-cp313t-manylinux_2_17_x86_64.manylinux2014_x86_64.whl", hash = "sha256:440cfb3db4c5029775803794f8638fbdbf71ec702caf32735f53b008e1eaece3"},
    {file = "numpy-2.2.0-cp313-cp313t-musllinux_1_2_aarch64.whl", hash = "sha256:a55dc7a7f0b6198b07ec0cd445fbb98b05234e8b00c5ac4874a63372ba98d4ab"},
    {file = "numpy-2.2.0-cp313-cp313t-musllinux_1_2_x86_64.whl", hash = "sha256:4bddbaa30d78c86329b26bd6aaaea06b1e47444da99eddac7bf1e2fab717bd72"},
    {file = "numpy-2.2.0-cp313-cp313t-win32.whl", hash = "sha256:30bf971c12e4365153afb31fc73f441d4da157153f3400b82db32d04de1e4066"},
    {file = "numpy-2.2.0-cp313-cp313t-win_amd64.whl", hash = "sha256:d35717333b39d1b6bb8433fa758a55f1081543de527171543a2b710551d40881"},
    {file = "numpy-2.2.0-pp310-pypy310_pp73-macosx_10_15_x86_64.whl", hash = "sha256:e12c6c1ce84628c52d6367863773f7c8c8241be554e8b79686e91a43f1733773"},
    {file = "numpy-2.2.0-pp310-pypy310_pp73-macosx_14_0_x86_64.whl", hash = "sha256:b6207dc8fb3c8cb5668e885cef9ec7f70189bec4e276f0ff70d5aa078d32c88e"},
    {file = "numpy-2.2.0-pp310-pypy310_pp73-manylinux_2_17_x86_64.manylinux2014_x86_64.whl", hash = "sha256:a50aeff71d0f97b6450d33940c7181b08be1441c6c193e678211bff11aa725e7"},
    {file = "numpy-2.2.0-pp310-pypy310_pp73-win_amd64.whl", hash = "sha256:df12a1f99b99f569a7c2ae59aa2d31724e8d835fc7f33e14f4792e3071d11221"},
    {file = "numpy-2.2.0.tar.gz", hash = "sha256:140dd80ff8981a583a60980be1a655068f8adebf7a45a06a6858c873fcdcd4a0"},
]

[[package]]
name = "packaging"
version = "24.2"
description = "Core utilities for Python packages"
optional = false
python-versions = ">=3.8"
files = [
    {file = "packaging-24.2-py3-none-any.whl", hash = "sha256:09abb1bccd265c01f4a3aa3f7a7db064b36514d2cba19a2f694fe6150451a759"},
    {file = "packaging-24.2.tar.gz", hash = "sha256:c228a6dc5e932d346bc5739379109d49e8853dd8223571c7c5b55260edc0b97f"},
]

[[package]]
name = "pluggy"
version = "1.5.0"
description = "plugin and hook calling mechanisms for python"
optional = false
python-versions = ">=3.8"
files = [
    {file = "pluggy-1.5.0-py3-none-any.whl", hash = "sha256:44e1ad92c8ca002de6377e165f3e0f1be63266ab4d554740532335b9d75ea669"},
    {file = "pluggy-1.5.0.tar.gz", hash = "sha256:2cffa88e94fdc978c4c574f15f9e59b7f4201d439195c3715ca9e2486f1d0cf1"},
]

[package.extras]
dev = ["pre-commit", "tox"]
testing = ["pytest", "pytest-benchmark"]

[[package]]
name = "pyerfa"
version = "2.0.1.5"
description = "Python bindings for ERFA"
optional = false
python-versions = ">=3.9"
files = [
    {file = "pyerfa-2.0.1.5-cp39-abi3-macosx_10_9_x86_64.whl", hash = "sha256:b282d7c60c4c47cf629c484c17ac504fcb04abd7b3f4dfcf53ee042afc3a5944"},
    {file = "pyerfa-2.0.1.5-cp39-abi3-macosx_11_0_arm64.whl", hash = "sha256:be1aeb70390dd03a34faf96749d5cabc58437410b4aab7213c512323932427df"},
    {file = "pyerfa-2.0.1.5-cp39-abi3-manylinux_2_17_aarch64.manylinux2014_aarch64.whl", hash = "sha256:b0603e8e1b839327d586c8a627cdc634b795e18b007d84f0cda5500a0908254e"},
    {file = "pyerfa-2.0.1.5-cp39-abi3-manylinux_2_17_x86_64.manylinux2014_x86_64.whl", hash = "sha256:0e43c7194e3242083f2350b46c09fd4bf8ba1bcc0ebd1460b98fc47fe2389906"},
    {file = "pyerfa-2.0.1.5-cp39-abi3-musllinux_1_2_x86_64.whl", hash = "sha256:07b80cd70701f5d066b1ac8cce406682cfcd667a1186ec7d7ade597239a6021d"},
    {file = "pyerfa-2.0.1.5-cp39-abi3-win32.whl", hash = "sha256:d30b9b0df588ed5467e529d851ea324a67239096dd44703125072fd11b351ea2"},
    {file = "pyerfa-2.0.1.5-cp39-abi3-win_amd64.whl", hash = "sha256:66292d437dcf75925b694977aa06eb697126e7b86553e620371ed3e48b5e0ad0"},
    {file = "pyerfa-2.0.1.5-pp39-pypy39_pp73-macosx_10_15_x86_64.whl", hash = "sha256:4991dee680ff36c87911d8faa4c7d1aa6278ad9b5e0d16158cf22fa7d74ba25c"},
    {file = "pyerfa-2.0.1.5-pp39-pypy39_pp73-manylinux_2_17_x86_64.manylinux2014_x86_64.whl", hash = "sha256:690e258294202c86f479e78e80fd235cd27bd717f7f60062fccc3dbd6ef0b1a9"},
    {file = "pyerfa-2.0.1.5-pp39-pypy39_pp73-win_amd64.whl", hash = "sha256:171ce9676a448a7eb555f03aa19ad5c749dbced1ce4f9923e4d93443c4a9c612"},
    {file = "pyerfa-2.0.1.5.tar.gz", hash = "sha256:17d6b24fe4846c65d5e7d8c362dcb08199dc63b30a236aedd73875cc83e1f6c0"},
]

[package.dependencies]
numpy = ">=1.19.3"

[package.extras]
docs = ["sphinx-astropy (>=1.3)"]
test = ["pytest", "pytest-doctestplus (>=0.7)"]

[[package]]
name = "pytest"
version = "8.3.4"
description = "pytest: simple powerful testing with Python"
optional = false
python-versions = ">=3.8"
files = [
    {file = "pytest-8.3.4-py3-none-any.whl", hash = "sha256:50e16d954148559c9a74109af1eaf0c945ba2d8f30f0a3d3335edde19788b6f6"},
    {file = "pytest-8.3.4.tar.gz", hash = "sha256:965370d062bce11e73868e0335abac31b4d3de0e82f4007408d242b4f8610761"},
]

[package.dependencies]
colorama = {version = "*", markers = "sys_platform == \"win32\""}
iniconfig = "*"
packaging = "*"
pluggy = ">=1.5,<2"

[package.extras]
dev = ["argcomplete", "attrs (>=19.2)", "hypothesis (>=3.56)", "mock", "pygments (>=2.7.2)", "requests", "setuptools", "xmlschema"]

[[package]]
name = "pyyaml"
version = "6.0.2"
description = "YAML parser and emitter for Python"
optional = false
python-versions = ">=3.8"
files = [
    {file = "PyYAML-6.0.2-cp310-cp310-macosx_10_9_x86_64.whl", hash = "sha256:0a9a2848a5b7feac301353437eb7d5957887edbf81d56e903999a75a3d743086"},
    {file = "PyYAML-6.0.2-cp310-cp310-macosx_11_0_arm64.whl", hash = "sha256:29717114e51c84ddfba879543fb232a6ed60086602313ca38cce623c1d62cfbf"},
    {file = "PyYAML-6.0.2-cp310-cp310-manylinux_2_17_aarch64.manylinux2014_aarch64.whl", hash = "sha256:8824b5a04a04a047e72eea5cec3bc266db09e35de6bdfe34c9436ac5ee27d237"},
    {file = "PyYAML-6.0.2-cp310-cp310-manylinux_2_17_s390x.manylinux2014_s390x.whl", hash = "sha256:7c36280e6fb8385e520936c3cb3b8042851904eba0e58d277dca80a5cfed590b"},
    {file = "PyYAML-6.0.2-cp310-cp310-manylinux_2_17_x86_64.manylinux2014_x86_64.whl", hash = "sha256:ec031d5d2feb36d1d1a24380e4db6d43695f3748343d99434e6f5f9156aaa2ed"},
    {file = "PyYAML-6.0.2-cp310-cp310-musllinux_1_1_aarch64.whl", hash = "sha256:936d68689298c36b53b29f23c6dbb74de12b4ac12ca6cfe0e047bedceea56180"},
    {file = "PyYAML-6.0.2-cp310-cp310-musllinux_1_1_x86_64.whl", hash = "sha256:23502f431948090f597378482b4812b0caae32c22213aecf3b55325e049a6c68"},
    {file = "PyYAML-6.0.2-cp310-cp310-win32.whl", hash = "sha256:2e99c6826ffa974fe6e27cdb5ed0021786b03fc98e5ee3c5bfe1fd5015f42b99"},
    {file = "PyYAML-6.0.2-cp310-cp310-win_amd64.whl", hash = "sha256:a4d3091415f010369ae4ed1fc6b79def9416358877534caf6a0fdd2146c87a3e"},
    {file = "PyYAML-6.0.2-cp311-cp311-macosx_10_9_x86_64.whl", hash = "sha256:cc1c1159b3d456576af7a3e4d1ba7e6924cb39de8f67111c735f6fc832082774"},
    {file = "PyYAML-6.0.2-cp311-cp311-macosx_11_0_arm64.whl", hash = "sha256:1e2120ef853f59c7419231f3bf4e7021f1b936f6ebd222406c3b60212205d2ee"},
    {file = "PyYAML-6.0.2-cp311-cp311-manylinux_2_17_aarch64.manylinux2014_aarch64.whl", hash = "sha256:5d225db5a45f21e78dd9358e58a98702a0302f2659a3c6cd320564b75b86f47c"},
    {file = "PyYAML-6.0.2-cp311-cp311-manylinux_2_17_s390x.manylinux2014_s390x.whl", hash = "sha256:5ac9328ec4831237bec75defaf839f7d4564be1e6b25ac710bd1a96321cc8317"},
    {file = "PyYAML-6.0.2-cp311-cp311-manylinux_2_17_x86_64.manylinux2014_x86_64.whl", hash = "sha256:3ad2a3decf9aaba3d29c8f537ac4b243e36bef957511b4766cb0057d32b0be85"},
    {file = "PyYAML-6.0.2-cp311-cp311-musllinux_1_1_aarch64.whl", hash = "sha256:ff3824dc5261f50c9b0dfb3be22b4567a6f938ccce4587b38952d85fd9e9afe4"},
    {file = "PyYAML-6.0.2-cp311-cp311-musllinux_1_1_x86_64.whl", hash = "sha256:797b4f722ffa07cc8d62053e4cff1486fa6dc094105d13fea7b1de7d8bf71c9e"},
    {file = "PyYAML-6.0.2-cp311-cp311-win32.whl", hash = "sha256:11d8f3dd2b9c1207dcaf2ee0bbbfd5991f571186ec9cc78427ba5bd32afae4b5"},
    {file = "PyYAML-6.0.2-cp311-cp311-win_amd64.whl", hash = "sha256:e10ce637b18caea04431ce14fabcf5c64a1c61ec9c56b071a4b7ca131ca52d44"},
    {file = "PyYAML-6.0.2-cp312-cp312-macosx_10_9_x86_64.whl", hash = "sha256:c70c95198c015b85feafc136515252a261a84561b7b1d51e3384e0655ddf25ab"},
    {file = "PyYAML-6.0.2-cp312-cp312-macosx_11_0_arm64.whl", hash = "sha256:ce826d6ef20b1bc864f0a68340c8b3287705cae2f8b4b1d932177dcc76721725"},
    {file = "PyYAML-6.0.2-cp312-cp312-manylinux_2_17_aarch64.manylinux2014_aarch64.whl", hash = "sha256:1f71ea527786de97d1a0cc0eacd1defc0985dcf6b3f17bb77dcfc8c34bec4dc5"},
    {file = "PyYAML-6.0.2-cp312-cp312-manylinux_2_17_s390x.manylinux2014_s390x.whl", hash = "sha256:9b22676e8097e9e22e36d6b7bda33190d0d400f345f23d4065d48f4ca7ae0425"},
    {file = "PyYAML-6.0.2-cp312-cp312-manylinux_2_17_x86_64.manylinux2014_x86_64.whl", hash = "sha256:80bab7bfc629882493af4aa31a4cfa43a4c57c83813253626916b8c7ada83476"},
    {file = "PyYAML-6.0.2-cp312-cp312-musllinux_1_1_aarch64.whl", hash = "sha256:0833f8694549e586547b576dcfaba4a6b55b9e96098b36cdc7ebefe667dfed48"},
    {file = "PyYAML-6.0.2-cp312-cp312-musllinux_1_1_x86_64.whl", hash = "sha256:8b9c7197f7cb2738065c481a0461e50ad02f18c78cd75775628afb4d7137fb3b"},
    {file = "PyYAML-6.0.2-cp312-cp312-win32.whl", hash = "sha256:ef6107725bd54b262d6dedcc2af448a266975032bc85ef0172c5f059da6325b4"},
    {file = "PyYAML-6.0.2-cp312-cp312-win_amd64.whl", hash = "sha256:7e7401d0de89a9a855c839bc697c079a4af81cf878373abd7dc625847d25cbd8"},
    {file = "PyYAML-6.0.2-cp313-cp313-macosx_10_13_x86_64.whl", hash = "sha256:efdca5630322a10774e8e98e1af481aad470dd62c3170801852d752aa7a783ba"},
    {file = "PyYAML-6.0.2-cp313-cp313-macosx_11_0_arm64.whl", hash = "sha256:50187695423ffe49e2deacb8cd10510bc361faac997de9efef88badc3bb9e2d1"},
    {file = "PyYAML-6.0.2-cp313-cp313-manylinux_2_17_aarch64.manylinux2014_aarch64.whl", hash = "sha256:0ffe8360bab4910ef1b9e87fb812d8bc0a308b0d0eef8c8f44e0254ab3b07133"},
    {file = "PyYAML-6.0.2-cp313-cp313-manylinux_2_17_s390x.manylinux2014_s390x.whl", hash = "sha256:17e311b6c678207928d649faa7cb0d7b4c26a0ba73d41e99c4fff6b6c3276484"},
    {file = "PyYAML-6.0.2-cp313-cp313-manylinux_2_17_x86_64.manylinux2014_x86_64.whl", hash = "sha256:70b189594dbe54f75ab3a1acec5f1e3faa7e8cf2f1e08d9b561cb41b845f69d5"},
    {file = "PyYAML-6.0.2-cp313-cp313-musllinux_1_1_aarch64.whl", hash = "sha256:41e4e3953a79407c794916fa277a82531dd93aad34e29c2a514c2c0c5fe971cc"},
    {file = "PyYAML-6.0.2-cp313-cp313-musllinux_1_1_x86_64.whl", hash = "sha256:68ccc6023a3400877818152ad9a1033e3db8625d899c72eacb5a668902e4d652"},
    {file = "PyYAML-6.0.2-cp313-cp313-win32.whl", hash = "sha256:bc2fa7c6b47d6bc618dd7fb02ef6fdedb1090ec036abab80d4681424b84c1183"},
    {file = "PyYAML-6.0.2-cp313-cp313-win_amd64.whl", hash = "sha256:8388ee1976c416731879ac16da0aff3f63b286ffdd57cdeb95f3f2e085687563"},
    {file = "PyYAML-6.0.2-cp38-cp38-macosx_10_9_x86_64.whl", hash = "sha256:24471b829b3bf607e04e88d79542a9d48bb037c2267d7927a874e6c205ca7e9a"},
    {file = "PyYAML-6.0.2-cp38-cp38-manylinux_2_17_aarch64.manylinux2014_aarch64.whl", hash = "sha256:d7fded462629cfa4b685c5416b949ebad6cec74af5e2d42905d41e257e0869f5"},
    {file = "PyYAML-6.0.2-cp38-cp38-manylinux_2_17_s390x.manylinux2014_s390x.whl", hash = "sha256:d84a1718ee396f54f3a086ea0a66d8e552b2ab2017ef8b420e92edbc841c352d"},
    {file = "PyYAML-6.0.2-cp38-cp38-manylinux_2_17_x86_64.manylinux2014_x86_64.whl", hash = "sha256:9056c1ecd25795207ad294bcf39f2db3d845767be0ea6e6a34d856f006006083"},
    {file = "PyYAML-6.0.2-cp38-cp38-musllinux_1_1_x86_64.whl", hash = "sha256:82d09873e40955485746739bcb8b4586983670466c23382c19cffecbf1fd8706"},
    {file = "PyYAML-6.0.2-cp38-cp38-win32.whl", hash = "sha256:43fa96a3ca0d6b1812e01ced1044a003533c47f6ee8aca31724f78e93ccc089a"},
    {file = "PyYAML-6.0.2-cp38-cp38-win_amd64.whl", hash = "sha256:01179a4a8559ab5de078078f37e5c1a30d76bb88519906844fd7bdea1b7729ff"},
    {file = "PyYAML-6.0.2-cp39-cp39-macosx_10_9_x86_64.whl", hash = "sha256:688ba32a1cffef67fd2e9398a2efebaea461578b0923624778664cc1c914db5d"},
    {file = "PyYAML-6.0.2-cp39-cp39-macosx_11_0_arm64.whl", hash = "sha256:a8786accb172bd8afb8be14490a16625cbc387036876ab6ba70912730faf8e1f"},
    {file = "PyYAML-6.0.2-cp39-cp39-manylinux_2_17_aarch64.manylinux2014_aarch64.whl", hash = "sha256:d8e03406cac8513435335dbab54c0d385e4a49e4945d2909a581c83647ca0290"},
    {file = "PyYAML-6.0.2-cp39-cp39-manylinux_2_17_s390x.manylinux2014_s390x.whl", hash = "sha256:f753120cb8181e736c57ef7636e83f31b9c0d1722c516f7e86cf15b7aa57ff12"},
    {file = "PyYAML-6.0.2-cp39-cp39-manylinux_2_17_x86_64.manylinux2014_x86_64.whl", hash = "sha256:3b1fdb9dc17f5a7677423d508ab4f243a726dea51fa5e70992e59a7411c89d19"},
    {file = "PyYAML-6.0.2-cp39-cp39-musllinux_1_1_aarch64.whl", hash = "sha256:0b69e4ce7a131fe56b7e4d770c67429700908fc0752af059838b1cfb41960e4e"},
    {file = "PyYAML-6.0.2-cp39-cp39-musllinux_1_1_x86_64.whl", hash = "sha256:a9f8c2e67970f13b16084e04f134610fd1d374bf477b17ec1599185cf611d725"},
    {file = "PyYAML-6.0.2-cp39-cp39-win32.whl", hash = "sha256:6395c297d42274772abc367baaa79683958044e5d3835486c16da75d2a694631"},
    {file = "PyYAML-6.0.2-cp39-cp39-win_amd64.whl", hash = "sha256:39693e1f8320ae4f43943590b49779ffb98acb81f788220ea932a6b6c51004d8"},
    {file = "pyyaml-6.0.2.tar.gz", hash = "sha256:d584d9ec91ad65861cc08d42e834324ef890a082e591037abe114850ff7bbc3e"},
]

[[package]]
name = "sgp4"
version = "2.23"
description = "Track Earth satellites given TLE data, using up-to-date 2020 SGP4 routines."
optional = false
python-versions = "*"
files = [
    {file = "sgp4-2.23-cp310-cp310-macosx_10_9_universal2.whl", hash = "sha256:ebf585c09bebf7f7b9c89cff42e0f097654c4c5e092181fbbbee29c338dc11ed"},
    {file = "sgp4-2.23-cp310-cp310-macosx_10_9_x86_64.whl", hash = "sha256:9c71fec3278274a0edd5bb93ba83b22db5407040d95d62166e81fbd97633d756"},
    {file = "sgp4-2.23-cp310-cp310-macosx_11_0_arm64.whl", hash = "sha256:f07f11fc70fa76ad7f538bcff4ee960faab270279cbb2d1149b15cbb37696e86"},
    {file = "sgp4-2.23-cp310-cp310-manylinux_2_17_aarch64.manylinux2014_aarch64.whl", hash = "sha256:d9a777e4173194965ec9466b307c3a929770d058be303ead8179c251fc37ed2e"},
    {file = "sgp4-2.23-cp310-cp310-manylinux_2_5_x86_64.manylinux1_x86_64.manylinux_2_17_x86_64.manylinux2014_x86_64.whl", hash = "sha256:3884d50cba79f4dbeda16b4eb1d768bd3400b7a2c137a8c88eca056738bab94d"},
    {file = "sgp4-2.23-cp310-cp310-win32.whl", hash = "sha256:ce19d23a4276bab2bbba03ce5bbcc308c5472be69219d877f83d4b12c07f5ea1"},
    {file = "sgp4-2.23-cp310-cp310-win_amd64.whl", hash = "sha256:2d6b56adb8771f3092ff5d59697d19f6f3bf2510fcca03795eedae41a42624b2"},
    {file = "sgp4-2.23-cp311-cp311-macosx_10_9_universal2.whl", hash = "sha256:90dbea63ea1f288ce90448b3d7a1e9728292f1b9c9fa61839053e9277d98e96f"},
    {file = "sgp4-2.23-cp311-cp311-macosx_10_9_x86_64.whl", hash = "sha256:e7b043fb0f628a3759ef649ee12b6e76ee65a0ec86b94dc41dfc90129fcbc81e"},
    {file = "sgp4-2.23-cp311-cp311-macosx_11_0_arm64.whl", hash = "sha256:7d55529102283821054ece00f95dd2b82843d1c72c80e39026c78e2f400ac9b9"},
    {file = "sgp4-2.23-cp311-cp311-manylinux_2_17_aarch64.manylinux2014_aarch64.whl", hash = "sha256:4d9f4f39be2b85a4772a184cd4d160f9ed345116afcda79a0a1852ccfa12b030"},
    {file = "sgp4-2.23-cp311-cp311-manylinux_2_5_x86_64.manylinux1_x86_64.manylinux_2_17_x86_64.manylinux2014_x86_64.whl", hash = "sha256:72868cd01169f45562954cdaaa9f1a2f738cac3c9ba3fdbd12b07a5f99bcb9d1"},
    {file = "sgp4-2.23-cp311-cp311-win32.whl", hash = "sha256:137adf0e0fbe4d9a514284bb809590c5a2c52dc506b977ec7896165df8bc2a5e"},
    {file = "sgp4-2.23-cp311-cp311-win_amd64.whl", hash = "sha256:34efb27f9f281c76b5650c9a39a0b8f43d383d5575a4f7b3d4d597c9b7ff3d75"},
    {file = "sgp4-2.23-cp312-cp312-macosx_10_9_universal2.whl", hash = "sha256:c45fa362763b5ae955a52bfdf05fee8d98351d1fa9db8fd1809b4f380cd9b0c6"},
    {file = "sgp4-2.23-cp312-cp312-macosx_10_9_x86_64.whl", hash = "sha256:3765d0efae2c537228311591691a8fd7d44686d5322810be15eb7f204688f336"},
    {file = "sgp4-2.23-cp312-cp312-macosx_11_0_arm64.whl", hash = "sha256:b80dd3c3ee73a1bc24c0f63316889b3eff32e623ca67a91774c9c92ac663e98c"},
    {file = "sgp4-2.23-cp312-cp312-manylinux_2_17_aarch64.manylinux2014_aarch64.whl", hash = "sha256:b1ec001c6b5bd9a330ffa40d29ebf85f1cc2bfa558ba8f330efcb1aa50a8b733"},
    {file = "sgp4-2.23-cp312-cp312-manylinux_2_5_x86_64.manylinux1_x86_64.manylinux_2_17_x86_64.manylinux2014_x86_64.whl", hash = "sha256:7424adc1d5f8cf93bf6ddeb079a9122af25c8a6b9234e7ed71d1868e128afe4a"},
    {file = "sgp4-2.23-cp312-cp312-win32.whl", hash = "sha256:4d954aa01a9f8c68a7b20e91ea6b5e0a195bb42b25e63698ea770d12c01927ea"},
    {file = "sgp4-2.23-cp312-cp312-win_amd64.whl", hash = "sha256:cc08bc23327f7b3cd052e79b026f02a1da885a273f10fa2a78734e5fa5ccfddd"},
    {file = "sgp4-2.23-cp37-cp37m-macosx_10_9_x86_64.whl", hash = "sha256:0312155fe5ec1f224510508c2298ee810821e66cd075686b041d921fba2f5b3b"},
    {file = "sgp4-2.23-cp37-cp37m-manylinux_2_17_aarch64.manylinux2014_aarch64.whl", hash = "sha256:ec6922c6086e3a6dec71a2df0e9c884ffa3edb7276daff36c6c8aa1e4fe711de"},
    {file = "sgp4-2.23-cp37-cp37m-manylinux_2_5_i686.manylinux1_i686.manylinux_2_17_i686.manylinux2014_i686.whl", hash = "sha256:77db876e61e5740ad10deb368041411ec1be8d885b0890f37cd81fb12d294dd4"},
    {file = "sgp4-2.23-cp37-cp37m-manylinux_2_5_x86_64.manylinux1_x86_64.manylinux_2_17_x86_64.manylinux2014_x86_64.whl", hash = "sha256:2e7b9c513efbdf2e27d88e2cd72599f5c2a930e6e8b2dd18ec7a1b62ad57ed58"},
    {file = "sgp4-2.23-cp37-cp37m-win32.whl", hash = "sha256:f612f8f33ba22425bf9975170586ad1b61648abe113f5b82e35a07a426597107"},
    {file = "sgp4-2.23-cp37-cp37m-win_amd64.whl", hash = "sha256:4f49aae8dff21747c5605d924f92149a4613b981ae13b31499390526cbcd2dba"},
    {file = "sgp4-2.23-cp38-cp38-macosx_10_9_universal2.whl", hash = "sha256:081aa74d55ee2d5c8c6a89e24915af069499ec66fe3ef01b58c4a93a741c4f47"},
    {file = "sgp4-2.23-cp38-cp38-macosx_10_9_x86_64.whl", hash = "sha256:80eb86ebb66938542eb4b2fb660884538e48e14362e7b50313a6ecc888a93638"},
    {file = "sgp4-2.23-cp38-cp38-macosx_11_0_arm64.whl", hash = "sha256:ff8797c36e7dff0b13c7f6bc4c9bf6ad31590dc4509e6b9cfac26819e7a61769"},
    {file = "sgp4-2.23-cp38-cp38-manylinux_2_17_aarch64.manylinux2014_aarch64.whl", hash = "sha256:a1a67628ca344e1abaf6ff447ccfc1e5ea3d0d829cecf07aa05dea21b0119470"},
    {file = "sgp4-2.23-cp38-cp38-manylinux_2_5_i686.manylinux1_i686.manylinux_2_17_i686.manylinux2014_i686.whl", hash = "sha256:cf18eee8ce8dddee047785b3fb399ff45d1907e4d1e581a7466ac00798993d7e"},
    {file = "sgp4-2.23-cp38-cp38-manylinux_2_5_x86_64.manylinux1_x86_64.manylinux_2_17_x86_64.manylinux2014_x86_64.whl", hash = "sha256:e7688173441f97680f4804e482e6ed47fb3a6341715f280ce38783fef7120c7c"},
    {file = "sgp4-2.23-cp38-cp38-win32.whl", hash = "sha256:5be9be672ad810f01db18f4515fca47e3e4502139642d077d06a187e0c9dc312"},
    {file = "sgp4-2.23-cp38-cp38-win_amd64.whl", hash = "sha256:7277523e83115d5e0c37bdb3d05fec924b6fdf0af0b1679bbb66455b8d00da61"},
    {file = "sgp4-2.23-cp39-cp39-macosx_10_9_universal2.whl", hash = "sha256:474598a642b77b2f2243ccdfb6204c92219f5182a261b8a89c09b9fef840fbd1"},
    {file = "sgp4-2.23-cp39-cp39-macosx_10_9_x86_64.whl", hash = "sha256:3423c1f7efcc72fb7bd92bd549812add1a8712fa7d9c3d475c187817ef844e77"},
    {file = "sgp4-2.23-cp39-cp39-macosx_11_0_arm64.whl", hash = "sha256:54e77baeb145e77884754e4c6cbc92b008d00f12563e5175c3197b484b61a651"},
    {file = "sgp4-2.23-cp39-cp39-manylinux_2_17_aarch64.manylinux2014_aarch64.whl", hash = "sha256:6da74f4d0710445595ad8635bf29a608a6ef51d0ffdb5ae137d09fb7e32ac916"},
    {file = "sgp4-2.23-cp39-cp39-manylinux_2_5_i686.manylinux1_i686.manylinux_2_17_i686.manylinux2014_i686.whl", hash = "sha256:6cd67a3eee025d62fff045807134ea4b1d377e0d88bea43a1e3153239b5d533b"},
    {file = "sgp4-2.23-cp39-cp39-manylinux_2_5_x86_64.manylinux1_x86_64.manylinux_2_17_x86_64.manylinux2014_x86_64.whl", hash = "sha256:e5bb5e59ee41bdeb0beec5c9a156e82e4f5d9c8b7b5e950083f04ef66a8a7b61"},
    {file = "sgp4-2.23-cp39-cp39-win32.whl", hash = "sha256:11962eee12a7422ebee88ef1b569851cd2db41830737f8c4669b2b5204ce2b39"},
    {file = "sgp4-2.23-cp39-cp39-win_amd64.whl", hash = "sha256:4536de17b1a501ca94a9d7ea336de0efc5bb22eb358d88d29a080d1c03d39326"},
    {file = "sgp4-2.23.tar.gz", hash = "sha256:d8addc53a2fb9f88dee6bfd401d2865b014cc0b57bf2cee69bdee8d9685d5429"},
]

[metadata]
lock-version = "2.0"
python-versions = "^3.11"
content-hash = "fd96767a5cf8a063867dfaa71cab9f330606eaf8c98ae9833235d12a12d69245"
